
Microsoft Visual Studio Solution File, Format Version 12.00
# Visual Studio 2015
Project("{FAE04EC0-301F-11D3-BF4B-00C04F79EFBC}") = "Jump&Shoot.CSharp", "Jump&Shoot.CSharp.csproj", "{03C330B7-EBC4-DD58-C150-11FA3516CBFD}"
EndProject
Global
	GlobalSection(SolutionConfigurationPlatforms) = preSolution
		Debug|Any CPU = Debug|Any CPU
		Release|Any CPU = Release|Any CPU
	EndGlobalSection
	GlobalSection(ProjectConfigurationPlatforms) = postSolution
		{03C330B7-EBC4-DD58-C150-11FA3516CBFD}.Debug|Any CPU.ActiveCfg = Debug|Any CPU
		{03C330B7-EBC4-DD58-C150-11FA3516CBFD}.Debug|Any CPU.Build.0 = Debug|Any CPU
		{03C330B7-EBC4-DD58-C150-11FA3516CBFD}.Release|Any CPU.ActiveCfg = Release|Any CPU
		{03C330B7-EBC4-DD58-C150-11FA3516CBFD}.Release|Any CPU.Build.0 = Release|Any CPU
	EndGlobalSection
	GlobalSection(SolutionProperties) = preSolution
		HideSolutionNode = FALSE
	EndGlobalSection
EndGlobal
